{
  "name": "gayxxx",
  "version": "1.0.0",
  "lockfileVersion": 3,
  "requires": true,
  "packages": {
    "": {
      "name": "gayxxx",
      "version": "1.0.0",
      "dependencies": {
        "skystream-extractors": "^1.3.7"
      }
    },
    "node_modules/skystream-extractors": {
      "version": "1.3.7",
      "resolved": "https://registry.npmjs.org/skystream-extractors/-/skystream-extractors-1.3.7.tgz",
      "integrity": "sha512-PkNaE1gIuK3WrjudhPMQgQQ8l7H3TWraZevGorA4+9eYIRGv//bNtVJeci5dMi7JKjxRp4XdLoIG2DxbYyUblg=="
    }
  }
}